
Microsoft Visual Studio Solution File, Format Version 12.00
# Visual Studio Version 17
VisualStudioVersion = 17.4.33110.190
MinimumVisualStudioVersion = 10.0.40219.1
Project("{FAE04EC0-301F-11D3-BF4B-00C04F79EFBC}") = "EmployeeCRUD", "EmployeeCRUD\EmployeeCRUD.csproj", "{35E33BEC-1A22-4B19-9281-2AF707802EDF}"
EndProject
Global
	GlobalSection(SolutionConfigurationPlatforms) = preSolution
		Debug|Any CPU = Debug|Any CPU
		Release|Any CPU = Release|Any CPU
	EndGlobalSection
	GlobalSection(ProjectConfigurationPlatforms) = postSolution
		{35E33BEC-1A22-4B19-9281-2AF707802EDF}.Debug|Any CPU.ActiveCfg = Debug|Any CPU
		{35E33BEC-1A22-4B19-9281-2AF707802EDF}.Debug|Any CPU.Build.0 = Debug|Any CPU
		{35E33BEC-1A22-4B19-9281-2AF707802EDF}.Release|Any CPU.ActiveCfg = Release|Any CPU
		{35E33BEC-1A22-4B19-9281-2AF707802EDF}.Release|Any CPU.Build.0 = Release|Any CPU
	EndGlobalSection
	GlobalSection(SolutionProperties) = preSolution
		HideSolutionNode = FALSE
	EndGlobalSection
	GlobalSection(ExtensibilityGlobals) = postSolution
		SolutionGuid = {E4F269DB-05C2-4929-946B-F68484FEAC64}
	EndGlobalSection
EndGlobal
